
Microsoft Visual Studio Solution File, Format Version 12.00
# Visual Studio Version 16
VisualStudioVersion = 16.0.29403.142
MinimumVisualStudioVersion = 10.0.40219.1
Project("{FAE04EC0-301F-11D3-BF4B-00C04F79EFBC}") = "ApiCore", "ApiTesting\ApiCore.csproj", "{0D64DAC8-EC18-42E6-95A5-EF93AADF3FED}"
EndProject
Project("{FAE04EC0-301F-11D3-BF4B-00C04F79EFBC}") = "ApiTests", "ApiTests\ApiTests.csproj", "{C3004EB4-EDF9-41D7-898F-620896D3982E}"
EndProject
Global
	GlobalSection(SolutionConfigurationPlatforms) = preSolution
		Debug|Any CPU = Debug|Any CPU
		Release|Any CPU = Release|Any CPU
	EndGlobalSection
	GlobalSection(ProjectConfigurationPlatforms) = postSolution
		{0D64DAC8-EC18-42E6-95A5-EF93AADF3FED}.Debug|Any CPU.ActiveCfg = Debug|Any CPU
		{0D64DAC8-EC18-42E6-95A5-EF93AADF3FED}.Debug|Any CPU.Build.0 = Debug|Any CPU
		{0D64DAC8-EC18-42E6-95A5-EF93AADF3FED}.Release|Any CPU.ActiveCfg = Release|Any CPU
		{0D64DAC8-EC18-42E6-95A5-EF93AADF3FED}.Release|Any CPU.Build.0 = Release|Any CPU
		{C3004EB4-EDF9-41D7-898F-620896D3982E}.Debug|Any CPU.ActiveCfg = Debug|Any CPU
		{C3004EB4-EDF9-41D7-898F-620896D3982E}.Debug|Any CPU.Build.0 = Debug|Any CPU
		{C3004EB4-EDF9-41D7-898F-620896D3982E}.Release|Any CPU.ActiveCfg = Release|Any CPU
		{C3004EB4-EDF9-41D7-898F-620896D3982E}.Release|Any CPU.Build.0 = Release|Any CPU
	EndGlobalSection
	GlobalSection(SolutionProperties) = preSolution
		HideSolutionNode = FALSE
	EndGlobalSection
	GlobalSection(ExtensibilityGlobals) = postSolution
		SolutionGuid = {86A0560D-213A-46F0-9C0E-821C0DE357C0}
	EndGlobalSection
EndGlobal
